
Microsoft Visual Studio Solution File, Format Version 12.00
# Visual Studio Version 17
VisualStudioVersion = 17.11.35312.102
MinimumVisualStudioVersion = 10.0.40219.1
Project("{FAE04EC0-301F-11D3-BF4B-00C04F79EFBC}") = "WindowsFormsApp3", "WindowsFormsApp3\WindowsFormsApp3.csproj", "{A7F75BC8-F03C-4078-BDED-21CDF72D3018}"
EndProject
Global
	GlobalSection(SolutionConfigurationPlatforms) = preSolution
		Debug|Any CPU = Debug|Any CPU
		Release|Any CPU = Release|Any CPU
	EndGlobalSection
	GlobalSection(ProjectConfigurationPlatforms) = postSolution
		{A7F75BC8-F03C-4078-BDED-21CDF72D3018}.Debug|Any CPU.ActiveCfg = Debug|Any CPU
		{A7F75BC8-F03C-4078-BDED-21CDF72D3018}.Debug|Any CPU.Build.0 = Debug|Any CPU
		{A7F75BC8-F03C-4078-BDED-21CDF72D3018}.Release|Any CPU.ActiveCfg = Release|Any CPU
		{A7F75BC8-F03C-4078-BDED-21CDF72D3018}.Release|Any CPU.Build.0 = Release|Any CPU
	EndGlobalSection
	GlobalSection(SolutionProperties) = preSolution
		HideSolutionNode = FALSE
	EndGlobalSection
	GlobalSection(ExtensibilityGlobals) = postSolution
		SolutionGuid = {7AEA0148-DC19-4F92-820E-905529D7FF14}
	EndGlobalSection
EndGlobal
